// !$*UTF8*$!
{
	archiveVersion = 1;
	classes = {
	};
	objectVersion = 46;
	objects = {

/* Begin PBXBuildFile section */
		DD1031CA1D0D01240047B266 /* main.m in Sources */ = {isa = PBXBuildFile; fileRef = DD1031C91D0D01240047B266 /* main.m */; };
		DD1031CD1D0D01250047B266 /* AppDelegate.m in Sources */ = {isa = PBXBuildFile; fileRef = DD1031CC1D0D01250047B266 /* AppDelegate.m */; };
		DD1031D01D0D01250047B266 /* ViewController.m in Sources */ = {isa = PBXBuildFile; fileRef = DD1031CF1D0D01250047B266 /* ViewController.m */; };
		DD1031D31D0D01250047B266 /* Main.storyboard in Resources */ = {isa = PBXBuildFile; fileRef = DD1031D11D0D01250047B266 /* Main.storyboard */; };
		DD1031D51D0D01260047B266 /* Assets.xcassets in Resources */ = {isa = PBXBuildFile; fileRef = DD1031D41D0D01260047B266 /* Assets.xcassets */; };
		DD1031D81D0D01260047B266 /* LaunchScreen.storyboard in Resources */ = {isa = PBXBuildFile; fileRef = DD1031D61D0D01260047B266 /* LaunchScreen.storyboard */; };
		DD1031E31D0D01260047B266 /* tableVIewAndSegmentTests.m in Sources */ = {isa = PBXBuildFile; fileRef = DD1031E21D0D01260047B266 /* tableVIewAndSegmentTests.m */; };
		DD1031EE1D0D01270047B266 /* tableVIewAndSegmentUITests.m in Sources */ = {isa = PBXBuildFile; fileRef = DD1031ED1D0D01270047B266 /* tableVIewAndSegmentUITests.m */; };
/* End PBXBuildFile section */

/* Begin PBXContainerItemProxy section */
		DD1031DF1D0D01260047B266 /* PBXContainerItemProxy */ = {
			isa = PBXContainerItemProxy;
			containerPortal = DD1031BD1D0D01240047B266 /* Project object */;
			proxyType = 1;
			remoteGlobalIDString = DD1031C41D0D01240047B266;
			remoteInfo = tableVIewAndSegment;
		};
		DD1031EA1D0D01270047B266 /* PBXContainerItemProxy */ = {
			isa = PBXContainerItemProxy;
			containerPortal = DD1031BD1D0D01240047B266 /* Project object */;
			proxyType = 1;
			remoteGlobalIDString = DD1031C41D0D01240047B266;
			remoteInfo = tableVIewAndSegment;
		};
/* End PBXContainerItemProxy section */

/* Begin PBXFileReference section */
		DD1031C51D0D01240047B266 /* tableVIewAndSegment.app */ = {isa = PBXFileReference; explicitFileType = wrapper.application; includeInIndex = 0; path = tableVIewAndSegment.app; sourceTree = BUILT_PRODUCTS_DIR; };
		DD1031C91D0D01240047B266 /* main.m */ = {isa = PBXFileReference; lastKnownFileType = sourcecode.c.objc; path = main.m; sourceTree = "<group>"; };
		DD1031CB1D0D01240047B266 /* AppDelegate.h */ = {isa = PBXFileReference; lastKnownFileType = sourcecode.c.h; path = AppDelegate.h; sourceTree = "<group>"; };
		DD1031CC1D0D01250047B266 /* AppDelegate.m */ = {isa = PBXFileReference; lastKnownFileType = sourcecode.c.objc; path = AppDelegate.m; sourceTree = "<group>"; };
		DD1031CE1D0D01250047B266 /* ViewController.h */ = {isa = PBXFileReference; lastKnownFileType = sourcecode.c.h; path = ViewController.h; sourceTree = "<group>"; };
		DD1031CF1D0D01250047B266 /* ViewController.m */ = {isa = PBXFileReference; lastKnownFileType = sourcecode.c.objc; path = ViewController.m; sourceTree = "<group>"; };
		DD1031D21D0D01250047B266 /* Base */ = {isa = PBXFileReference; lastKnownFileType = file.storyboard; name = Base; path = Base.lproj/Main.storyboard; sourceTree = "<group>"; };
		DD1031D41D0D01260047B266 /* Assets.xcassets */ = {isa = PBXFileReference; lastKnownFileType = folder.assetcatalog; path = Assets.xcassets; sourceTree = "<group>"; };
		DD1031D71D0D01260047B266 /* Base */ = {isa = PBXFileReference; lastKnownFileType = file.storyboard; name = Base; path = Base.lproj/LaunchScreen.storyboard; sourceTree = "<group>"; };
		DD1031D91D0D01260047B266 /* Info.plist */ = {isa = PBXFileReference; lastKnownFileType = text.plist.xml; path = Info.plist; sourceTree = "<group>"; };
		DD1031DE1D0D01260047B266 /* tableVIewAndSegmentTests.xctest */ = {isa = PBXFileReference; explicitFileType = wrapper.cfbundle; includeInIndex = 0; path = tableVIewAndSegmentTests.xctest; sourceTree = BUILT_PRODUCTS_DIR; };
		DD1031E21D0D01260047B266 /* tableVIewAndSegmentTests.m */ = {isa = PBXFileReference; lastKnownFileType = sourcecode.c.objc; path = tableVIewAndSegmentTests.m; sourceTree = "<group>"; };
		DD1031E41D0D01260047B266 /* Info.plist */ = {isa = PBXFileReference; lastKnownFileType = text.plist.xml; path = Info.plist; sourceTree = "<group>"; };
		DD1031E91D0D01270047B266 /* tableVIewAndSegmentUITests.xctest */ = {isa = PBXFileReference; explicitFileType = wrapper.cfbundle; includeInIndex = 0; path = tableVIewAndSegmentUITests.xctest; sourceTree = BUILT_PRODUCTS_DIR; };
		DD1031ED1D0D01270047B266 /* tableVIewAndSegmentUITests.m */ = {isa = PBXFileReference; lastKnownFileType = sourcecode.c.objc; path = tableVIewAndSegmentUITests.m; sourceTree = "<group>"; };
		DD1031EF1D0D01280047B266 /* Info.plist */ = {isa = PBXFileReference; lastKnownFileType = text.plist.xml; path = Info.plist; sourceTree = "<group>"; };
/* End PBXFileReference section */

/* Begin PBXFrameworksBuildPhase section */
		DD1031C21D0D01240047B266 /* Frameworks */ = {
			isa = PBXFrameworksBuildPhase;
			buildActionMask = 2147483647;
			files = (
			);
			runOnlyForDeploymentPostprocessing = 0;
		};
		DD1031DB1D0D01260047B266 /* Frameworks */ = {
			isa = PBXFrameworksBuildPhase;
			buildActionMask = 2147483647;
			files = (
			);
			runOnlyForDeploymentPostprocessing = 0;
		};
		DD1031E61D0D01260047B266 /* Frameworks */ = {
			isa = PBXFrameworksBuildPhase;
			buildActionMask = 2147483647;
			files = (
			);
			runOnlyForDeploymentPostprocessing = 0;
		};
/* End PBXFrameworksBuildPhase section */

/* Begin PBXGroup section */
		DD1031BC1D0D01240047B266 = {
			isa = PBXGroup;
			children = (
				DD1031C71D0D01240047B266 /* tableVIewAndSegment */,
				DD1031E11D0D01260047B266 /* tableVIewAndSegmentTests */,
				DD1031EC1D0D01270047B266 /* tableVIewAndSegmentUITests */,
				DD1031C61D0D01240047B266 /* Products */,
			);
			sourceTree = "<group>";
		};
		DD1031C61D0D01240047B266 /* Products */ = {
			isa = PBXGroup;
			children = (
				DD1031C51D0D01240047B266 /* tableVIewAndSegment.app */,
				DD1031DE1D0D01260047B266 /* tableVIewAndSegmentTests.xctest */,
				DD1031E91D0D01270047B266 /* tableVIewAndSegmentUITests.xctest */,
			);
			name = Products;
			sourceTree = "<group>";
		};
		DD1031C71D0D01240047B266 /* tableVIewAndSegment */ = {
			isa = PBXGroup;
			children = (
				DD1031CB1D0D01240047B266 /* AppDelegate.h */,
				DD1031CC1D0D01250047B266 /* AppDelegate.m */,
				DD1031CE1D0D01250047B266 /* ViewController.h */,
				DD1031CF1D0D01250047B266 /* ViewController.m */,
				DD1031D11D0D01250047B266 /* Main.storyboard */,
				DD1031D41D0D01260047B266 /* Assets.xcassets */,
				DD1031D61D0D01260047B266 /* LaunchScreen.storyboard */,
				DD1031D91D0D01260047B266 /* Info.plist */,
				DD1031C81D0D01240047B266 /* Supporting Files */,
			);
			path = tableVIewAndSegment;
			sourceTree = "<group>";
		};
		DD1031C81D0D01240047B266 /* Supporting Files */ = {
			isa = PBXGroup;
			children = (
				DD1031C91D0D01240047B266 /* main.m */,
			);
			name = "Supporting Files";
			sourceTree = "<group>";
		};
		DD1031E11D0D01260047B266 /* tableVIewAndSegmentTests */ = {
			isa = PBXGroup;
			children = (
				DD1031E21D0D01260047B266 /* tableVIewAndSegmentTests.m */,
				DD1031E41D0D01260047B266 /* Info.plist */,
			);
			path = tableVIewAndSegmentTests;
			sourceTree = "<group>";
		};
		DD1031EC1D0D01270047B266 /* tableVIewAndSegmentUITests */ = {
			isa = PBXGroup;
			children = (
				DD1031ED1D0D01270047B266 /* tableVIewAndSegmentUITests.m */,
				DD1031EF1D0D01280047B266 /* Info.plist */,
			);
			path = tableVIewAndSegmentUITests;
			sourceTree = "<group>";
		};
/* End PBXGroup section */

/* Begin PBXNativeTarget section */
		DD1031C41D0D01240047B266 /* tableVIewAndSegment */ = {
			isa = PBXNativeTarget;
			buildConfigurationList = DD1031F21D0D01280047B266 /* Build configuration list for PBXNativeTarget "tableVIewAndSegment" */;
			buildPhases = (
				DD1031C11D0D01240047B266 /* Sources */,
				DD1031C21D0D01240047B266 /* Frameworks */,
				DD1031C31D0D01240047B266 /* Resources */,
			);
			buildRules = (
			);
			dependencies = (
			);
			name = tableVIewAndSegment;
			productName = tableVIewAndSegment;
			productReference = DD1031C51D0D01240047B266 /* tableVIewAndSegment.app */;
			productType = "com.apple.product-type.application";
		};
		DD1031DD1D0D01260047B266 /* tableVIewAndSegmentTests */ = {
			isa = PBXNativeTarget;
			buildConfigurationList = DD1031F51D0D01280047B266 /* Build configuration list for PBXNativeTarget "tableVIewAndSegmentTests" */;
			buildPhases = (
				DD1031DA1D0D01260047B266 /* Sources */,
				DD1031DB1D0D01260047B266 /* Frameworks */,
				DD1031DC1D0D01260047B266 /* Resources */,
			);
			buildRules = (
			);
			dependencies = (
				DD1031E01D0D01260047B266 /* PBXTargetDependency */,
			);
			name = tableVIewAndSegmentTests;
			productName = tableVIewAndSegmentTests;
			productReference = DD1031DE1D0D01260047B266 /* tableVIewAndSegmentTests.xctest */;
			productType = "com.apple.product-type.bundle.unit-test";
		};
		DD1031E81D0D01260047B266 /* tableVIewAndSegmentUITests */ = {
			isa = PBXNativeTarget;
			buildConfigurationList = DD1031F81D0D01280047B266 /* Build configuration list for PBXNativeTarget "tableVIewAndSegmentUITests" */;
			buildPhases = (
				DD1031E51D0D01260047B266 /* Sources */,
				DD1031E61D0D01260047B266 /* Frameworks */,
				DD1031E71D0D01260047B266 /* Resources */,
			);
			buildRules = (
			);
			dependencies = (
				DD1031EB1D0D01270047B266 /* PBXTargetDependency */,
			);
			name = tableVIewAndSegmentUITests;
			productName = tableVIewAndSegmentUITests;
			productReference = DD1031E91D0D01270047B266 /* tableVIewAndSegmentUITests.xctest */;
			productType = "com.apple.product-type.bundle.ui-testing";
		};
/* End PBXNativeTarget section */

/* Begin PBXProject section */
		DD1031BD1D0D01240047B266 /* Project object */ = {
			isa = PBXProject;
			attributes = {
				LastUpgradeCheck = 0730;
				ORGANIZATIONNAME = chenyu;
				TargetAttributes = {
					DD1031C41D0D01240047B266 = {
						CreatedOnToolsVersion = 7.3.1;
					};
					DD1031DD1D0D01260047B266 = {
						CreatedOnToolsVersion = 7.3.1;
						TestTargetID = DD1031C41D0D01240047B266;
					};
					DD1031E81D0D01260047B266 = {
						CreatedOnToolsVersion = 7.3.1;
						TestTargetID = DD1031C41D0D01240047B266;
					};
				};
			};
			buildConfigurationList = DD1031C01D0D01240047B266 /* Build configuration list for PBXProject "tableVIewAndSegment" */;
			compatibilityVersion = "Xcode 3.2";
			developmentRegion = English;
			hasScannedForEncodings = 0;
			knownRegions = (
				en,
				Base,
			);
			mainGroup = DD1031BC1D0D01240047B266;
			productRefGroup = DD1031C61D0D01240047B266 /* Products */;
			projectDirPath = "";
			projectRoot = "";
			targets = (
				DD1031C41D0D01240047B266 /* tableVIewAndSegment */,
				DD1031DD1D0D01260047B266 /* tableVIewAndSegmentTests */,
				DD1031E81D0D01260047B266 /* tableVIewAndSegmentUITests */,
			);
		};
/* End PBXProject section */

/* Begin PBXResourcesBuildPhase section */
		DD1031C31D0D01240047B266 /* Resources */ = {
			isa = PBXResourcesBuildPhase;
			buildActionMask = 2147483647;
			files = (
				DD1031D81D0D01260047B266 /* LaunchScreen.storyboard in Resources */,
				DD1031D51D0D01260047B266 /* Assets.xcassets in Resources */,
				DD1031D31D0D01250047B266 /* Main.storyboard in Resources */,
			);
			runOnlyForDeploymentPostprocessing = 0;
		};
		DD1031DC1D0D01260047B266 /* Resources */ = {
			isa = PBXResourcesBuildPhase;
			buildActionMask = 2147483647;
			files = (
			);
			runOnlyForDeploymentPostprocessing = 0;
		};
		DD1031E71D0D01260047B266 /* Resources */ = {
			isa = PBXResourcesBuildPhase;
			buildActionMask = 2147483647;
			files = (
			);
			runOnlyForDeploymentPostprocessing = 0;
		};
/* End PBXResourcesBuildPhase section */

/* Begin PBXSourcesBuildPhase section */
		DD1031C11D0D01240047B266 /* Sources */ = {
			isa = PBXSourcesBuildPhase;
			buildActionMask = 2147483647;
			files = (
				DD1031D01D0D01250047B266 /* ViewController.m in Sources */,
				DD1031CD1D0D01250047B266 /* AppDelegate.m in Sources */,
				DD1031CA1D0D01240047B266 /* main.m in Sources */,
			);
			runOnlyForDeploymentPostprocessing = 0;
		};
		DD1031DA1D0D01260047B266 /* Sources */ = {
			isa = PBXSourcesBuildPhase;
			buildActionMask = 2147483647;
			files = (
				DD1031E31D0D01260047B266 /* tableVIewAndSegmentTests.m in Sources */,
			);
			runOnlyForDeploymentPostprocessing = 0;
		};
		DD1031E51D0D01260047B266 /* Sources */ = {
			isa = PBXSourcesBuildPhase;
			buildActionMask = 2147483647;
			files = (
				DD1031EE1D0D01270047B266 /* tableVIewAndSegmentUITests.m in Sources */,
			);
			runOnlyForDeploymentPostprocessing = 0;
		};
/* End PBXSourcesBuildPhase section */

/* Begin PBXTargetDependency section */
		DD1031E01D0D01260047B266 /* PBXTargetDependency */ = {
			isa = PBXTargetDependency;
			target = DD1031C41D0D01240047B266 /* tableVIewAndSegment */;
			targetProxy = DD1031DF1D0D01260047B266 /* PBXContainerItemProxy */;
		};
		DD1031EB1D0D01270047B266 /* PBXTargetDependency */ = {
			isa = PBXTargetDependency;
			target = DD1031C41D0D01240047B266 /* tableVIewAndSegment */;
			targetProxy = DD1031EA1D0D01270047B266 /* PBXContainerItemProxy */;
		};
/* End PBXTargetDependency section */

/* Begin PBXVariantGroup section */
		DD1031D11D0D01250047B266 /* Main.storyboard */ = {
			isa = PBXVariantGroup;
			children = (
				DD1031D21D0D01250047B266 /* Base */,
			);
			name = Main.storyboard;
			sourceTree = "<group>";
		};
		DD1031D61D0D01260047B266 /* LaunchScreen.storyboard */ = {
			isa = PBXVariantGroup;
			children = (
				DD1031D71D0D01260047B266 /* Base */,
			);
			name = LaunchScreen.storyboard;
			sourceTree = "<group>";
		};
/* End PBXVariantGroup section */

/* Begin XCBuildConfiguration section */
		DD1031F01D0D01280047B266 /* Debug */ = {
			isa = XCBuildConfiguration;
			buildSettings = {
				ALWAYS_SEARCH_USER_PATHS = NO;
				CLANG_ANALYZER_NONNULL = YES;
				CLANG_CXX_LANGUAGE_STANDARD = "gnu++0x";
				CLANG_CXX_LIBRARY = "libc++";
				CLANG_ENABLE_MODULES = YES;
				CLANG_ENABLE_OBJC_ARC = YES;
				CLANG_WARN_BOOL_CONVERSION = YES;
				CLANG_WARN_CONSTANT_CONVERSION = YES;
				CLANG_WARN_DIRECT_OBJC_ISA_USAGE = YES_ERROR;
				CLANG_WARN_EMPTY_BODY = YES;
				CLANG_WARN_ENUM_CONVERSION = YES;
				CLANG_WARN_INT_CONVERSION = YES;
				CLANG_WARN_OBJC_ROOT_CLASS = YES_ERROR;
				CLANG_WARN_UNREACHABLE_CODE = YES;
				CLANG_WARN__DUPLICATE_METHOD_MATCH = YES;
				"CODE_SIGN_IDENTITY[sdk=iphoneos*]" = "iPhone Developer";
				COPY_PHASE_STRIP = NO;
				DEBUG_INFORMATION_FORMAT = dwarf;
				ENABLE_STRICT_OBJC_MSGSEND = YES;
				ENABLE_TESTABILITY = YES;
				GCC_C_LANGUAGE_STANDARD = gnu99;
				GCC_DYNAMIC_NO_PIC = NO;
				GCC_NO_COMMON_BLOCKS = YES;
				GCC_OPTIMIZATION_LEVEL = 0;
				GCC_PREPROCESSOR_DEFINITIONS = (
					"DEBUG=1",
					"$(inherited)",
				);
				GCC_WARN_64_TO_32_BIT_CONVERSION = YES;
				GCC_WARN_ABOUT_RETURN_TYPE = YES_ERROR;
				GCC_WARN_UNDECLARED_SELECTOR = YES;
				GCC_WARN_UNINITIALIZED_AUTOS = YES_AGGRESSIVE;
				GCC_WARN_UNUSED_FUNCTION = YES;
				GCC_WARN_UNUSED_VARIABLE = YES;
				IPHONEOS_DEPLOYMENT_TARGET = 9.3;
				MTL_ENABLE_DEBUG_INFO = YES;
				ONLY_ACTIVE_ARCH = YES;
				SDKROOT = iphoneos;
				TARGETED_DEVICE_FAMILY = "1,2";
			};
			name = Debug;
		};
		DD1031F11D0D01280047B266 /* Release */ = {
			isa = XCBuildConfiguration;
			buildSettings = {
				ALWAYS_SEARCH_USER_PATHS = NO;
				CLANG_ANALYZER_NONNULL = YES;
				CLANG_CXX_LANGUAGE_STANDARD = "gnu++0x";
				CLANG_CXX_LIBRARY = "libc++";
				CLANG_ENABLE_MODULES = YES;
				CLANG_ENABLE_OBJC_ARC = YES;
				CLANG_WARN_BOOL_CONVERSION = YES;
				CLANG_WARN_CONSTANT_CONVERSION = YES;
				CLANG_WARN_DIRECT_OBJC_ISA_USAGE = YES_ERROR;
				CLANG_WARN_EMPTY_BODY = YES;
				CLANG_WARN_ENUM_CONVERSION = YES;
				CLANG_WARN_INT_CONVERSION = YES;
				CLANG_WARN_OBJC_ROOT_CLASS = YES_ERROR;
				CLANG_WARN_UNREACHABLE_CODE = YES;
				CLANG_WARN__DUPLICATE_METHOD_MATCH = YES;
				"CODE_SIGN_IDENTITY[sdk=iphoneos*]" = "iPhone Developer";
				COPY_PHASE_STRIP = NO;
				DEBUG_INFORMATION_FORMAT = "dwarf-with-dsym";
				ENABLE_NS_ASSERTIONS = NO;
				ENABLE_STRICT_OBJC_MSGSEND = YES;
				GCC_C_LANGUAGE_STANDARD = gnu99;
				GCC_NO_COMMON_BLOCKS = YES;
				GCC_WARN_64_TO_32_BIT_CONVERSION = YES;
				GCC_WARN_ABOUT_RETURN_TYPE = YES_ERROR;
				GCC_WARN_UNDECLARED_SELECTOR = YES;
				GCC_WARN_UNINITIALIZED_AUTOS = YES_AGGRESSIVE;
				GCC_WARN_UNUSED_FUNCTION = YES;
				GCC_WARN_UNUSED_VARIABLE = YES;
				IPHONEOS_DEPLOYMENT_TARGET = 9.3;
				MTL_ENABLE_DEBUG_INFO = NO;
				SDKROOT = iphoneos;
				TARGETED_DEVICE_FAMILY = "1,2";
				VALIDATE_PRODUCT = YES;
			};
			name = Release;
		};
		DD1031F31D0D01280047B266 /* Debug */ = {
			isa = XCBuildConfiguration;
			buildSettings = {
				ASSETCATALOG_COMPILER_APPICON_NAME = AppIcon;
				INFOPLIST_FILE = tableVIewAndSegment/Info.plist;
				LD_RUNPATH_SEARCH_PATHS = "$(inherited) @executable_path/Frameworks";
				PRODUCT_BUNDLE_IDENTIFIER = cn.mangocy.tableVIewAndSegment;
				PRODUCT_NAME = "$(TARGET_NAME)";
			};
			name = Debug;
		};
		DD1031F41D0D01280047B266 /* Release */ = {
			isa = XCBuildConfiguration;
			buildSettings = {
				ASSETCATALOG_COMPILER_APPICON_NAME = AppIcon;
				INFOPLIST_FILE = tableVIewAndSegment/Info.plist;
				LD_RUNPATH_SEARCH_PATHS = "$(inherited) @executable_path/Frameworks";
				PRODUCT_BUNDLE_IDENTIFIER = cn.mangocy.tableVIewAndSegment;
				PRODUCT_NAME = "$(TARGET_NAME)";
			};
			name = Release;
		};
		DD1031F61D0D01280047B266 /* Debug */ = {
			isa = XCBuildConfiguration;
			buildSettings = {
				BUNDLE_LOADER = "$(TEST_HOST)";
				INFOPLIST_FILE = tableVIewAndSegmentTests/Info.plist;
				LD_RUNPATH_SEARCH_PATHS = "$(inherited) @executable_path/Frameworks @loader_path/Frameworks";
				PRODUCT_BUNDLE_IDENTIFIER = cn.mangocy.tableVIewAndSegmentTests;
				PRODUCT_NAME = "$(TARGET_NAME)";
				TEST_HOST = "$(BUILT_PRODUCTS_DIR)/tableVIewAndSegment.app/tableVIewAndSegment";
			};
			name = Debug;
		};
		DD1031F71D0D01280047B266 /* Release */ = {
			isa = XCBuildConfiguration;
			buildSettings = {
				BUNDLE_LOADER = "$(TEST_HOST)";
				INFOPLIST_FILE = tableVIewAndSegmentTests/Info.plist;
				LD_RUNPATH_SEARCH_PATHS = "$(inherited) @executable_path/Frameworks @loader_path/Frameworks";
				PRODUCT_BUNDLE_IDENTIFIER = cn.mangocy.tableVIewAndSegmentTests;
				PRODUCT_NAME = "$(TARGET_NAME)";
				TEST_HOST = "$(BUILT_PRODUCTS_DIR)/tableVIewAndSegment.app/tableVIewAndSegment";
			};
			name = Release;
		};
		DD1031F91D0D01280047B266 /* Debug */ = {
			isa = XCBuildConfiguration;
			buildSettings = {
				INFOPLIST_FILE = tableVIewAndSegmentUITests/Info.plist;
				LD_RUNPATH_SEARCH_PATHS = "$(inherited) @executable_path/Frameworks @loader_path/Frameworks";
				PRODUCT_BUNDLE_IDENTIFIER = cn.mangocy.tableVIewAndSegmentUITests;
				PRODUCT_NAME = "$(TARGET_NAME)";
				TEST_TARGET_NAME = tableVIewAndSegment;
			};
			name = Debug;
		};
		DD1031FA1D0D01280047B266 /* Release */ = {
			isa = XCBuildConfiguration;
			buildSettings = {
				INFOPLIST_FILE = tableVIewAndSegmentUITests/Info.plist;
				LD_RUNPATH_SEARCH_PATHS = "$(inherited) @executable_path/Frameworks @loader_path/Frameworks";
				PRODUCT_BUNDLE_IDENTIFIER = cn.mangocy.tableVIewAndSegmentUITests;
				PRODUCT_NAME = "$(TARGET_NAME)";
				TEST_TARGET_NAME = tableVIewAndSegment;
			};
			name = Release;
		};
/* End XCBuildConfiguration section */

/* Begin XCConfigurationList section */
		DD1031C01D0D01240047B266 /* Build configuration list for PBXProject "tableVIewAndSegment" */ = {
			isa = XCConfigurationList;
			buildConfigurations = (
				DD1031F01D0D01280047B266 /* Debug */,
				DD1031F11D0D01280047B266 /* Release */,
			);
			defaultConfigurationIsVisible = 0;
			defaultConfigurationName = Release;
		};
		DD1031F21D0D01280047B266 /* Build configuration list for PBXNativeTarget "tableVIewAndSegment" */ = {
			isa = XCConfigurationList;
			buildConfigurations = (
				DD1031F31D0D01280047B266 /* Debug */,
				DD1031F41D0D01280047B266 /* Release */,
			);
			defaultConfigurationIsVisible = 0;
		};
		DD1031F51D0D01280047B266 /* Build configuration list for PBXNativeTarget "tableVIewAndSegmentTests" */ = {
			isa = XCConfigurationList;
			buildConfigurations = (
				DD1031F61D0D01280047B266 /* Debug */,
				DD1031F71D0D01280047B266 /* Release */,
			);
			defaultConfigurationIsVisible = 0;
		};
		DD1031F81D0D01280047B266 /* Build configuration list for PBXNativeTarget "tableVIewAndSegmentUITests" */ = {
			isa = XCConfigurationList;
			buildConfigurations = (
				DD1031F91D0D01280047B266 /* Debug */,
				DD1031FA1D0D01280047B266 /* Release */,
			);
			defaultConfigurationIsVisible = 0;
		};
/* End XCConfigurationList section */
	};
	rootObject = DD1031BD1D0D01240047B266 /* Project object */;
}
